{
  "nodes": {
    "LS_COLORS": {
      "flake": false,
      "locked": {
        "lastModified": 1614790381,
        "narHash": "sha256-ajYsRkW6Y7zuGoQn+mK4j2ZFE7spvAzEV6CLB3FJqrM=",
        "owner": "trapd00r",
        "repo": "LS_COLORS",
        "rev": "14cc83a6a0105bebc7043ff2d35b4dc0703f7d48",
        "type": "github"
      },
      "original": {
        "owner": "trapd00r",
        "repo": "LS_COLORS",
        "type": "github"
      }
    },
    "home-manager": {
      "inputs": {
        "nixpkgs": [
          "nixpkgs"
        ]
      },
      "locked": {
        "lastModified": 1620138697,
        "narHash": "sha256-8Mgj+Fj4zGEI7oA9wbyqvdwq+46kAyd3barMIedWkho=",
        "owner": "nix-community",
        "repo": "home-manager",
        "rev": "64c5228c0828fff0c94c1d42f7225115c299ae08",
        "type": "github"
      },
      "original": {
        "owner": "nix-community",
        "repo": "home-manager",
        "type": "github"
      }
    },
    "nixpkgs": {
      "locked": {
        "lastModified": 1617929752,
        "narHash": "sha256-ji0nqJUZp2bfHvO0sKxD24cW6Nk7LyjbPPMxjbJHji0=",
        "owner": "nixos",
        "repo": "nixpkgs",
        "rev": "6fc2b7ecc2a167ce6a6902d5417daf1fa5cac777",
        "type": "github"
      },
      "original": {
        "owner": "nixos",
        "ref": "nixpkgs-unstable",
        "repo": "nixpkgs",
        "type": "github"
      }
    },
    "root": {
      "inputs": {
        "LS_COLORS": "LS_COLORS",
        "home-manager": "home-manager",
        "nixpkgs": "nixpkgs"
      }
    }
  },
  "root": "root",
  "version": 7
}
